	<Project xmlns="http://schemas.microsoft.com/developer/msbuild/2003">
		<PropertyGroup>
			<ProjectGuid>{6A445490-2407-4C5F-BE4A-A25EC49C2CE0}</ProjectGuid>
			<ProjectVersion>12.0</ProjectVersion>
			<MainSource>PVBody2.dpr</MainSource>
			<Config Condition="'$(Config)'==''">Debug</Config>
			<DCC_DCCCompiler>DCC32</DCC_DCCCompiler>
		</PropertyGroup>
		<PropertyGroup Condition="'$(Config)'=='Base' or '$(Base)'!=''">
			<Base>true</Base>
		</PropertyGroup>
		<PropertyGroup Condition="'$(Config)'=='Release' or '$(Cfg_1)'!=''">
			<Cfg_1>true</Cfg_1>
			<CfgParent>Base</CfgParent>
			<Base>true</Base>
		</PropertyGroup>
		<PropertyGroup Condition="'$(Config)'=='Debug' or '$(Cfg_2)'!=''">
			<Cfg_2>true</Cfg_2>
			<CfgParent>Base</CfgParent>
			<Base>true</Base>
		</PropertyGroup>
		<PropertyGroup Condition="'$(Base)'!=''">
			<DCC_UsePackage>vclx;vcl;vclimg;dbrtl;Rave77VCL;bdertl;rtl;vclactnband;vcldb;vcldbx;vcltouch;xmlrtl;dsnap;dsnapcon;TeeUI;TeeDB;Tee;vclib;ibxpress;adortl;IndyCore;IndySystem;IndyProtocols;inet;intrawebdb_100_140;Intraweb_100_140;VclSmp;vclie;websnap;webdsnap;inetdb;inetdbbde;inetdbxpress;soaprtl;vclribbon;dbexpress;DbxCommonDriver;DataSnapIndy10ServerTransport;DataSnapProviderClient;DbxClientDriver;DBXInterBaseDriver;DBXMySQLDriver;dbxcds;DBXFirebirdDriver;DBXSybaseASEDriver;DBXSybaseASADriver;DBXOracleDriver;DBXMSSQLDriver;DBXInformixDriver;DBXDb2Driver;FlashPackage;TVidGrab;wmp;ActiveSoundSuite;DataSnapServer;skinpackd2010;cad;FlexD2010;PKIECtrl14;PKIEDB14;CPortLibD2010;DropMasterVcl;fs14;fsDB14;fsBDE14;fsADO14;fsIBX14;fsTee14;frx14;frxDB14;frxADO14;frxBDE14;frxIBX14;frxDBX14;frxTee14;frxe14;MS_WMI;gtRtlD14;gtDocEngD14;gtFRExpD14;adgrm2010;vclSQLMemTabled14;SFSPackd14;PackageKDTele;Chilkat;QExport4RT_D14;QImport3RT_D14;AbbreviaVCL;MIDIComp;TSlider;vbFaxs;nxpClient;nxpGate;nxpHost;dacvcl140;dac140;crcontrols140;unidacvcl140;unidac140;AnyDAC_PhysSQLite_D14;AnyDAC_Phys_D14;AnyDAC_ComI_D14;AnyDAC_PhysPg_D14;AnyDAC_PhysIB_D14;AnyDAC_PhysTDBX_D14;AnyDAC_PhysADS_D14;AnyDAC_PhysASA_D14;AnyDAC_PhysODBC_D14;AnyDAC_PhysOracle_D14;AnyDAC_PhysMySQL_D14;AnyDAC_PhysDb2_D14;AnyDAC_PhysMSSQL_D14;AnyDAC_PhysMSAcc_D14;AnyDAC_GUIxForms_D14;AnyDAC_Comp_D14;SynEdit_R2010;kbmMemRunD2010Pro;tmsd2010;tmsexd2010;tmswizd2010;tmsxlsd2010;vclAbsDBd15;bsfd2010;dxCoreRS14;dxServerModeRS14;cxDataRS14;cxLibraryRS14;dxGDIPlusRS14;dxThemeRS14;dxADOServerModeRS14;dxDBXServerModeRS14;cxEditorsRS14;dxmdsRS14;dxBarRS14;dxComnRS14;dxBarDBNavRS14;dxBarExtDBItemsRS14;dxBarExtItemsRS14;dxRibbonRS14;cxBarEditItemRS14;dxdbtrRS14;dxtrmdRS14;cxPageControlRS14;dxDockingRS14;dxFlowChartRS14;cxPageControldxBarPopupMenuRS14;dxTabbedMDIRS14;dxLayoutControlRS14;dxNavBarRS14;dxorgcRS14;dxdborRS14;cxGridRS14;cxExportRS14;cxPivotGridRS14;cxPivotGridChartRS14;cxPivotGridOLAPRS14;cxTreeListRS14;cxTreeListdxBarPopupMenuRS14;cxSchedulerRS14;cxSchedulerGridRS14;dcldxSkinsCoreRS14;dxSkinsCoreRS14;dxSkinscxPCPainterRS14;dxSkinscxSchedulerPainterRS14;dxSkinsdxDLPainterRS14;dxSkinsdxBarPainterRS14;dxSkinsdxNavBarPainterRS14;dxSkinsdxRibbonPainterRS14;dxSpellCheckerRS14;cxSpreadSheetRS14;cxVerticalGridRS14;dxPSCoreRS14;dxPSLnksRS14;dxPScxCommonRS14;dxPScxExtCommonRS14;dxPScxGridLnkRS14;dxPSdxLCLnkRS14;dxPScxPivotGridLnkRS14;dxPScxSchedulerLnkRS14;dxPScxSSLnkRS14;dxPScxTLLnkRS14;dxPScxVGridLnkRS14;dxPSTeeChartRS14;dxPSDBTeeChartRS14;dxPSdxOCLnkRS14;dxPSdxDBOCLnkRS14;dxPSdxDBTVLnkRS14;dxPSdxFCLnkRS14;dxPScxPCProdRS14;dxPsPrVwAdvRS14;dxPSPrVwRibbonRS14;dxSkinBlackRS14;dxSkinBlueRS14;dxSkinCaramelRS14;dxSkinCoffeeRS14;dxSkinDarkRoomRS14;dxSkinDarkSideRS14;dxSkinFoggyRS14;dxSkinGlassOceansRS14;dxSkiniMaginaryRS14;dxSkinLilianRS14;dxSkinLiquidSkyRS14;dxSkinLondonLiquidSkyRS14;dxSkinMcSkinRS14;dxSkinMoneyTwinsRS14;dxSkinOffice2007BlackRS14;dxSkinOffice2007BlueRS14;dxSkinOffice2007GreenRS14;dxSkinOffice2007PinkRS14;dxSkinOffice2007SilverRS14;dxSkinOffice2010BlackRS14;dxSkinOffice2010BlueRS14;dxSkinOffice2010SilverRS14;dxSkinPumpkinRS14;dxSkinSevenRS14;dxSkinSharpRS14;dxSkinSilverRS14;dxSkinSpringTimeRS14;dxSkinStardustRS14;dxSkinSummer2008RS14;dxSkinValentineRS14;dxSkinXmas2008BlueRS14;dxSkinBlueprintRS14;dxSkinDevExpressDarkStyleRS14;dxSkinDevExpressStyleRS14;dxSkinHighContrastRS14;dxSkinSevenClassicRS14;dxSkinSharpPlusRS14;dxSkinTheAsphaltWorldRS14;dxSkinVS2010RS14;dxSkinWhiteprintRS14;dxTileControlRS14</DCC_UsePackage>
			<DCC_UnitAlias>WinTypes=Windows;WinProcs=Windows;DbiTypes=BDE;DbiProcs=BDE;DbiErrs=BDE;$(DCC_UnitAlias)</DCC_UnitAlias>
			<DCC_DependencyCheckOutputName>PVBody2.exe</DCC_DependencyCheckOutputName>
			<DCC_ImageBase>00400000</DCC_ImageBase>
			<DCC_Platform>x86</DCC_Platform>
		</PropertyGroup>
		<PropertyGroup Condition="'$(Cfg_1)'!=''">
			<DCC_LocalDebugSymbols>false</DCC_LocalDebugSymbols>
			<DCC_Define>RELEASE;$(DCC_Define)</DCC_Define>
			<DCC_SymbolReferenceInfo>0</DCC_SymbolReferenceInfo>
			<DCC_DebugInformation>false</DCC_DebugInformation>
		</PropertyGroup>
		<PropertyGroup Condition="'$(Cfg_2)'!=''">
			<DCC_Define>DEBUG;$(DCC_Define)</DCC_Define>
		</PropertyGroup>
		<ItemGroup>
			<DelphiCompile Include="PVBody2.dpr">
				<MainSource>MainSource</MainSource>
			</DelphiCompile>
			<DCCReference Include="..\analyse\ufmDialogParent.pas">
				<Form>fmDialogParent</Form>
			</DCCReference>
			<DCCReference Include="..\evaluation\ufmStaticResultView.pas">
				<Form>fmStaticResultView</Form>
			</DCCReference>
			<DCCReference Include="..\evaluation\uViewPractice.pas">
				<Form>fmViewPractice</Form>
			</DCCReference>
			<DCCReference Include="..\analyse\UfmCustomerQuestion.pas">
				<Form>fmCustomerQuestion</Form>
			</DCCReference>
			<DCCReference Include="uMain.pas">
				<Form>fmMain</Form>
			</DCCReference>
			<DCCReference Include="uCommonLogic.pas"/>
			<DCCReference Include="GlobalVar.pas"/>
			<DCCReference Include="..\scheduler\DemoBasicMain.pas">
				<Form>DemoBasicMainForm</Form>
			</DCCReference>
			<DCCReference Include="..\scheduler\DBDemoMainUnit.pas">
				<Form>DBDemoMainForm</Form>
			</DCCReference>
			<DCCReference Include="uMemberSelect.pas">
				<Form>fmMemberSelect</Form>
			</DCCReference>
			<DCCReference Include="UdmDBCommon.pas">
				<Form>dmDBCommon</Form>
				<DesignClass>TDataModule</DesignClass>
			</DCCReference>
			<DCCReference Include="..\member\uMember.pas">
				<Form>fmMember</Form>
			</DCCReference>
			<DCCReference Include="..\member\uSendingSMS.pas">
				<Form>fmSendingSMS</Form>
			</DCCReference>
			<DCCReference Include="..\member\uPictureGenerator.pas">
				<Form>fmPictureGenerator</Form>
			</DCCReference>
			<DCCReference Include="..\member\SMS.pas"/>
			<DCCReference Include="..\login_user\UfmUserRegist.pas">
				<Form>fmUserRegist</Form>
			</DCCReference>
			<DCCReference Include="uLogin.pas">
				<Form>fmLogin</Form>
			</DCCReference>
			<DCCReference Include="UfmRequestRegistration.pas">
				<Form>fmRequestRegistration</Form>
			</DCCReference>
			<DCCReference Include="UfmCompanySelect.pas">
				<Form>fmCompanySelect</Form>
			</DCCReference>
			<DCCReference Include="..\login_user\UfmUserInfo.pas">
				<Form>fmUserInfo</Form>
			</DCCReference>
			<DCCReference Include="UfmSetupConfig.pas">
				<Form>fmSetupConfig</Form>
			</DCCReference>
			<DCCReference Include="..\evaluation\UfmStaticCheckItems.pas">
				<Form>fmStaticCheckItems</Form>
			</DCCReference>
			<DCCReference Include="..\member\UfmMemberDetail.pas">
				<Form>fmMemberDetail</Form>
			</DCCReference>
			<DCCReference Include="..\evaluation\UfmStaticPractice.pas">
				<Form>fmStaticPractice</Form>
			</DCCReference>
			<DCCReference Include="..\evaluation\UfmPracticeView.pas">
				<Form>fmPracticeView</Form>
			</DCCReference>
			<DCCReference Include="..\login_user\UfmUserSelect.pas">
				<Form>fmUserSelect</Form>
			</DCCReference>
			<DCCReference Include="..\evaluation\UfmStaticResultReport.pas">
				<Form>fmStaticResultReport</Form>
			</DCCReference>
			<DCCReference Include="ccnUtils.pas"/>
			<DCCReference Include="UfrmImageEditor2.pas">
				<Form>frmImageEditor2</Form>
				<DesignClass>TFrame</DesignClass>
			</DCCReference>
			<DCCReference Include="..\attending\ufmAttendMain.pas">
				<Form>fmAttendMain</Form>
			</DCCReference>
			<DCCReference Include="..\member\UfmViewLecture.pas">
				<Form>fmViewLecture</Form>
			</DCCReference>
			<DCCReference Include="..\attending\UfmSelectTelno.pas">
				<Form>fmSelectTelno</Form>
			</DCCReference>
			<DCCReference Include="..\attending\UfmAttendCalendar.pas">
				<Form>fmAttendCalendar</Form>
			</DCCReference>
			<DCCReference Include="..\member\uMemberEdit.pas">
				<Form>fmMemberEdit</Form>
			</DCCReference>
			<DCCReference Include="..\member\uMemberEditBasic.pas">
				<Form>fmMemberEditBasic</Form>
			</DCCReference>
			<DCCReference Include="..\member\uPayIn.pas">
				<Form>fmPayIn</Form>
			</DCCReference>
			<DCCReference Include="..\evaluation\UfmHowTo.pas">
				<Form>fmHowTo</Form>
			</DCCReference>
			<DCCReference Include="uPlayer.pas">
				<Form>fmVideoPlayer</Form>
			</DCCReference>
			<DCCReference Include="..\evaluation\UfmPracticeMethod.pas">
				<Form>fmPracticeMethod</Form>
			</DCCReference>
			<DCCReference Include="..\evaluation\UfmCheckImageViewer.pas">
				<Form>fmCheckImageViewer</Form>
			</DCCReference>
			<DCCReference Include="..\evaluation\UfmCheckCommennts.pas">
				<Form>fmCheckCommennts</Form>
			</DCCReference>
			<DCCReference Include="..\evaluation\UfmHowToSingle.pas">
				<Form>fmHowToSingle</Form>
			</DCCReference>
			<DCCReference Include="..\evaluation\UfmPracticeMethodSingle.pas">
				<Form>fmPracticeMethodSingle</Form>
			</DCCReference>
			<DCCReference Include="UfmWebVideoPlayer.pas">
				<Form>fmWebVideoPlayer</Form>
			</DCCReference>
			<DCCReference Include="..\member\UfmExtractMemberPicture.pas">
				<Form>fmExtractMemberPicture</Form>
			</DCCReference>
			<DCCReference Include="UfmMemberPicture.pas">
				<Form>fmMemberPicture</Form>
			</DCCReference>
			<DCCReference Include="..\member\UfmSMSMember.pas">
				<Form>fmSMSMember</Form>
			</DCCReference>
			<DCCReference Include="..\analyse\UfmImageDescEdit.pas">
				<Form>fmImageDescEdit</Form>
			</DCCReference>
			<DCCReference Include="..\analyse\UfmComments.pas">
				<Form>fmComments</Form>
			</DCCReference>
			<DCCReference Include="UfmDateSelector.pas">
				<Form>fmDateSelector</Form>
			</DCCReference>
			<DCCReference Include="UfmCenter.pas">
				<Form>fmCenter</Form>
			</DCCReference>
			<DCCReference Include="UfmToday.pas">
				<Form>fmToday</Form>
			</DCCReference>
			<DCCReference Include="..\community\UfmTelLog.pas">
				<Form>fmTelLog</Form>
			</DCCReference>
			<DCCReference Include="..\community\UfmTelLogEdit.pas">
				<Form>fmTelLogEdit</Form>
			</DCCReference>
			<DCCReference Include="..\cash\UfmCashInOut.pas">
				<Form>fmCashInOut</Form>
			</DCCReference>
			<DCCReference Include="..\cash\UfmCashInOutEdit.pas">
				<Form>fmCashInOutEdit</Form>
			</DCCReference>
			<DCCReference Include="..\cash\UfmCashKindView.pas">
				<Form>fmCashKindView</Form>
			</DCCReference>
			<DCCReference Include="..\lecture\UfmLockerManager.pas">
				<Form>fmLockerManager</Form>
			</DCCReference>
			<DCCReference Include="..\lecture\UfmLockerSelect.pas">
				<Form>fmLockerSelect</Form>
			</DCCReference>
			<DCCReference Include="..\lecture\UfmLecture.pas">
				<Form>fmLecture</Form>
			</DCCReference>
			<DCCReference Include="..\lecture\ufmLectureCustomerRegist.pas">
				<Form>fmLectureCustomerRegist</Form>
			</DCCReference>
			<DCCReference Include="..\lecture\ufmLectureRegist.pas">
				<Form>fmLectureRegist</Form>
			</DCCReference>
			<DCCReference Include="..\lecture\UfmLessonOut.pas">
				<Form>fmLessonOut</Form>
			</DCCReference>
			<DCCReference Include="..\product_sale\UfmProductSale.pas">
				<Form>fmProductSale</Form>
			</DCCReference>
			<DCCReference Include="..\product_sale\UfmProductSaleEdit.pas">
				<Form>fmProductSaleEdit</Form>
			</DCCReference>
			<DCCReference Include="..\product_sale\UfmProductsEdit.pas">
				<Form>fmProductsEdit</Form>
			</DCCReference>
			<DCCReference Include="..\product_sale\UfmProductsIN.pas">
				<Form>fmProductsIN</Form>
			</DCCReference>
			<DCCReference Include="..\attending\UfmAttendance.pas">
				<Form>fmAttendance</Form>
			</DCCReference>
			<DCCReference Include="..\attending\UfmAttendanceMonthly.pas">
				<Form>fmAttendanceMonthly</Form>
			</DCCReference>
			<DCCReference Include="..\capture\uCapture.pas">
				<Form>fmCapture</Form>
			</DCCReference>
			<DCCReference Include="..\capture\UfmThumbnails.pas">
				<Form>fmThumbnails</Form>
			</DCCReference>
			<DCCReference Include="..\login_user\UfmUserAssign.pas">
				<Form>fmUserAssign</Form>
			</DCCReference>
			<DCCReference Include="..\attending\UfmAttendanceIn.pas">
				<Form>fmAttendanceIn</Form>
			</DCCReference>
			<DCCReference Include="..\community\UfmCounseling.pas">
				<Form>fmCounseling</Form>
			</DCCReference>
			<DCCReference Include="..\community\UfmCounselEdit.pas">
				<Form>fmCounselEdit</Form>
			</DCCReference>
			<DCCReference Include="..\member\UfmCustomerHistory.pas">
				<Form>fmCustomerHistory</Form>
			</DCCReference>
			<DCCReference Include="..\member\UfmHistoryEdit.pas">
				<Form>fmHistoryEdit</Form>
			</DCCReference>
			<DCCReference Include="..\member\uMemberEditView.pas">
				<Form>fmMemberEditView</Form>
			</DCCReference>
			<DCCReference Include="..\capture\miscCameraControl.pas">
				<Form>frmCameraControl</Form>
			</DCCReference>
			<DCCReference Include="..\analyse\UfmCompareList2.pas">
				<Form>fmCompareList2</Form>
			</DCCReference>
			<DCCReference Include="UfrmMemberSelect.pas">
				<Form>frmMemberSelect</Form>
				<DesignClass>TFrame</DesignClass>
			</DCCReference>
			<DCCReference Include="UfrmImageEnVect.pas">
				<Form>frmImageEnVect</Form>
				<DesignClass>TFrame</DesignClass>
			</DCCReference>
			<DCCReference Include="UfmSettings.pas">
				<Form>fmSettings</Form>
			</DCCReference>
			<DCCReference Include="..\capture\UfmPictureZoom.pas">
				<Form>fmPictureZoom</Form>
			</DCCReference>
			<DCCReference Include="..\attending\UfmMemberAttend.pas">
				<Form>fmMemberAttend</Form>
			</DCCReference>
			<DCCReference Include="uMemberFavorite.pas">
				<Form>fmMemberFavorite</Form>
			</DCCReference>
			<DCCReference Include="..\evaluation\UfmStaticCheckItemSet.pas">
				<Form>fmStaticCheckItemSet</Form>
			</DCCReference>
			<DCCReference Include="UfmCustomerKind.pas">
				<Form>fmCustomerKind</Form>
			</DCCReference>
			<DCCReference Include="..\lecture\UfmYearMonth.pas">
				<Form>fmYearMonth</Form>
			</DCCReference>
			<DCCReference Include="..\member\BaroService_SMS.pas"/>
			<DCCReference Include="UfmSMSSetting.pas">
				<Form>fmSMSSetting</Form>
			</DCCReference>
			<DCCReference Include="..\member\UfmSenderTelEdit.pas">
				<Form>fmSenderTelEdit</Form>
			</DCCReference>
			<DCCReference Include="..\community\UfmContacts.pas">
				<Form>fmContacts</Form>
			</DCCReference>
			<DCCReference Include="..\community\UfmContactsEdit.pas">
				<Form>fmContactsEdit</Form>
			</DCCReference>
			<DCCReference Include="..\member\UfmAddTempTel.pas">
				<Form>fmAddTempTel</Form>
			</DCCReference>
			<DCCReference Include="..\lecture\UfmLectureBreak.pas">
				<Form>fmLectureBreak</Form>
			</DCCReference>
			<DCCReference Include="..\lecture\UfmLectureBreakList.pas">
				<Form>fmLectureBreakList</Form>
			</DCCReference>
			<DCCReference Include="..\analyse\UfmCompareComment.pas">
				<Form>fmCompareComment</Form>
			</DCCReference>
			<DCCReference Include="..\login_user\UfmUserKind.pas">
				<Form>fmUserKind</Form>
			</DCCReference>
			<DCCReference Include="..\login_user\UfmRequestRegistration2.pas">
				<Form>fmRequestRegistration2</Form>
			</DCCReference>
			<DCCReference Include="UfrmImages.pas">
				<Form>frmImages</Form>
				<DesignClass>TFrame</DesignClass>
			</DCCReference>
			<DCCReference Include="..\evaluation\UfmPracticeEdit.pas">
				<Form>fmPracticeEdit</Form>
			</DCCReference>
			<DCCReference Include="UfrmImageMultiView.pas">
				<Form>frmImageMultiView</Form>
				<DesignClass>TFrame</DesignClass>
			</DCCReference>
			<DCCReference Include="..\analyse\UfmPostureEditor2.pas">
				<Form>fmPostureEditor2</Form>
			</DCCReference>
			<DCCReference Include="..\capture\UfmMultiUploader.pas">
				<Form>fmMultiUploader</Form>
			</DCCReference>
			<DCCReference Include="..\member\UfmMemberConfirm.pas">
				<Form>fmMemberConfirm</Form>
			</DCCReference>
			<DCCReference Include="..\lecture\UfmLectureMember.pas">
				<Form>fmLectureMember</Form>
			</DCCReference>
			<DCCReference Include="..\member\UfmMemberLastSelect.pas">
				<Form>fmMemberLastSelect</Form>
			</DCCReference>
			<DCCReference Include="..\LayerEditor\ufmLayerEditor.pas">
				<Form>fmLayerEditor</Form>
			</DCCReference>
			<DCCReference Include="UfrmMultiViewSmall.pas">
				<Form>frmMultiViewSmall</Form>
				<DesignClass>TFrame</DesignClass>
			</DCCReference>
			<DCCReference Include="..\analyse\UfmPostureEditor.pas">
				<Form>fmPostureEditor</Form>
			</DCCReference>
			<DCCReference Include="..\analyse\UfmCompareLayerList.pas">
				<Form>fmCompareLayerList</Form>
			</DCCReference>
			<DCCReference Include="..\analyse\UfmCompareList3.pas">
				<Form>fmCompareList3</Form>
			</DCCReference>
			<DCCReference Include="..\analyse\UfmCompareWindowList.pas">
				<Form>fmCompareWindowList</Form>
			</DCCReference>
			<DCCReference Include="UfmImportImages.pas">
				<Form>fmImportImages</Form>
			</DCCReference>
			<DCCReference Include="..\evaluation\UfmStaticCheck.pas">
				<Form>fmStaticCheck</Form>
			</DCCReference>
			<DCCReference Include="UfmSearchResults.pas">
				<Form>fmSearchResults</Form>
			</DCCReference>
			<DCCReference Include="..\LayerEditor\uLineProps.pas">
				<Form>LineProps</Form>
			</DCCReference>
			<DCCReference Include="..\LayerEditor\uShapeProps.pas">
				<Form>ShapeProps</Form>
			</DCCReference>
			<DCCReference Include="..\LayerEditor\uTextProps.pas">
				<Form>TextProps</Form>
			</DCCReference>
			<DCCReference Include="..\analyse\UfmMuscleImage.pas">
				<Form>fmMuscleImage</Form>
			</DCCReference>
			<DCCReference Include="..\analyse\UfmMuscleDetail.pas">
				<Form>fmMuscleDetail</Form>
			</DCCReference>
			<DCCReference Include="..\analyse\UfmMuscleEditor.pas">
				<Form>fmMuscleEditor</Form>
			</DCCReference>
			<DCCReference Include="..\analyse\UfmMuscleInsert.pas">
				<Form>fmMuscleInsert</Form>
			</DCCReference>
			<DCCReference Include="..\analyse\UfmMuscleView.pas">
				<Form>fmMuscleView</Form>
			</DCCReference>
			<DCCReference Include="..\member\UfmCustomerRecent.pas">
				<Form>fmCustomerRecent</Form>
			</DCCReference>
			<DCCReference Include="..\analyse\UfmTextObjectManager.pas">
				<Form>fmTextObjectManager</Form>
			</DCCReference>
			<DCCReference Include="..\analyse\UfmTextObjectEdit.pas">
				<Form>fmTextObjectEdit</Form>
			</DCCReference>
			<DCCReference Include="..\evaluation\UfmCheckStaticItem.pas">
				<Form>fmCheckStaticItem</Form>
			</DCCReference>
			<None Include="PVBody2.todo"/>
			<BuildConfiguration Include="Base">
				<Key>Base</Key>
			</BuildConfiguration>
			<BuildConfiguration Include="Release">
				<Key>Cfg_1</Key>
				<CfgParent>Base</CfgParent>
			</BuildConfiguration>
			<BuildConfiguration Include="Debug">
				<Key>Cfg_2</Key>
				<CfgParent>Base</CfgParent>
			</BuildConfiguration>
		</ItemGroup>
		<Import Project="$(BDS)\Bin\CodeGear.Delphi.Targets" Condition="Exists('$(BDS)\Bin\CodeGear.Delphi.Targets')"/>
		<ProjectExtensions>
			<Borland.Personality>Delphi.Personality.12</Borland.Personality>
			<Borland.ProjectType/>
			<BorlandProject>
				<Delphi.Personality>
					<Source>
						<Source Name="MainSource">PVBody2.dpr</Source>
					</Source>
					<Parameters>
						<Parameters Name="UseLauncher">False</Parameters>
						<Parameters Name="LoadAllSymbols">True</Parameters>
						<Parameters Name="LoadUnspecifiedSymbols">False</Parameters>
					</Parameters>
					<VersionInfo>
						<VersionInfo Name="IncludeVerInfo">True</VersionInfo>
						<VersionInfo Name="AutoIncBuild">False</VersionInfo>
						<VersionInfo Name="MajorVer">2</VersionInfo>
						<VersionInfo Name="MinorVer">1</VersionInfo>
						<VersionInfo Name="Release">1</VersionInfo>
						<VersionInfo Name="Build">29</VersionInfo>
						<VersionInfo Name="Debug">False</VersionInfo>
						<VersionInfo Name="PreRelease">False</VersionInfo>
						<VersionInfo Name="Special">False</VersionInfo>
						<VersionInfo Name="Private">False</VersionInfo>
						<VersionInfo Name="DLL">False</VersionInfo>
						<VersionInfo Name="Locale">1042</VersionInfo>
						<VersionInfo Name="CodePage">949</VersionInfo>
					</VersionInfo>
					<VersionInfoKeys>
						<VersionInfoKeys Name="CompanyName"/>
						<VersionInfoKeys Name="FileDescription"/>
						<VersionInfoKeys Name="FileVersion">2.1.1.29</VersionInfoKeys>
						<VersionInfoKeys Name="InternalName"/>
						<VersionInfoKeys Name="LegalCopyright"/>
						<VersionInfoKeys Name="LegalTrademarks"/>
						<VersionInfoKeys Name="OriginalFilename"/>
						<VersionInfoKeys Name="ProductName"/>
						<VersionInfoKeys Name="ProductVersion">1.0.2.0</VersionInfoKeys>
						<VersionInfoKeys Name="Comments"/>
					</VersionInfoKeys>
					<Excluded_Packages>
						<Excluded_Packages Name="C:\Program Files (x86)\EldoS\SecureBlackbox.VCL\Packages\DCBBoxD14.bpl">File C:\Program Files (x86)\EldoS\SecureBlackbox.VCL\Packages\DCBBoxD14.bpl not found</Excluded_Packages>
						<Excluded_Packages Name="C:\Program Files (x86)\EldoS\SecureBlackbox.VCL\Packages\DsgnBBoxD14.bpl">File C:\Program Files (x86)\EldoS\SecureBlackbox.VCL\Packages\DsgnBBoxD14.bpl not found</Excluded_Packages>
						<Excluded_Packages Name="C:\Users\Public\Documents\RAD Studio\7.0\Bpl\RVPkgD2010.bpl">TRichView for Delphi 2010</Excluded_Packages>
						<Excluded_Packages Name="C:\Users\Public\Documents\RAD Studio\7.0\Bpl\RichViewActionsD2010.bpl">TRichView: RichViewActions for Delphi 2010</Excluded_Packages>
						<Excluded_Packages Name="$(BDS)\bin\samplevisualizers140.bpl">Embarcadero Sample Debugger Visualizers</Excluded_Packages>
						<Excluded_Packages Name="$(BDS)\bin\dcloffice2k140.bpl">Microsoft Office 2000 Sample Automation Server Wrapper Components</Excluded_Packages>
						<Excluded_Packages Name="$(BDS)\bin\dclofficexp140.bpl">Microsoft Office XP Sample Automation Server Wrapper Components</Excluded_Packages>
						<Excluded_Packages Name="C:\Users\Public\Documents\RAD Studio\7.0\Bpl\RVDBPkgD2010.bpl">TRichView DB for Delphi 2010</Excluded_Packages>
						<Excluded_Packages Name="C:\Users\Public\Documents\RAD Studio\7.0\Bpl\RvXmlD2010.bpl">TRichView: RVXML for Delphi 2010</Excluded_Packages>
						<Excluded_Packages Name="C:\Users\Public\Documents\RAD Studio\7.0\Bpl\RvHtmlD2010.bpl">TRichView: RvHTMLImporter for Delphi 2010</Excluded_Packages>
						<Excluded_Packages Name="C:\Users\Public\Documents\RAD Studio\7.0\Bpl\SRVPkgD2010.bpl">TRichView: ScaleRichView for Delphi 2010</Excluded_Packages>
						<Excluded_Packages Name="C:\Users\Public\Documents\RAD Studio\7.0\Bpl\DBSRVPkgD2010.bpl">TRichView: ScaleRichView DB for Delphi 2010</Excluded_Packages>
						<Excluded_Packages Name="C:\Users\Public\Documents\RAD Studio\7.0\Bpl\SRVControlsD2010.bpl">TRichView: ScaleRichView&apos;s SRVControls for Delphi 2010</Excluded_Packages>
						<Excluded_Packages Name="C:\Program Files (x86)\EldoS\SecureBlackbox.VCL\Packages\Delphi2010\DCPKIBBoxD14.bpl">File C:\Program Files (x86)\EldoS\SecureBlackbox.VCL\Packages\Delphi2010\DCPKIBBoxD14.bpl not found</Excluded_Packages>
						<Excluded_Packages Name="C:\Program Files (x86)\EldoS\SecureBlackbox.VCL\Packages\Delphi2010\SAMLBBoxD14.bpl">File C:\Program Files (x86)\EldoS\SecureBlackbox.VCL\Packages\Delphi2010\SAMLBBoxD14.bpl not found</Excluded_Packages>
						<Excluded_Packages Name="C:\Program Files (x86)\EldoS\SecureBlackbox.VCL\Packages\Delphi2010\SAMLBBoxSrvD14.bpl">File C:\Program Files (x86)\EldoS\SecureBlackbox.VCL\Packages\Delphi2010\SAMLBBoxSrvD14.bpl not found</Excluded_Packages>
						<Excluded_Packages Name="C:\Program Files (x86)\EldoS\SecureBlackbox.VCL\Packages\Delphi2010\SMIMECAdESBBoxD14.bpl">File C:\Program Files (x86)\EldoS\SecureBlackbox.VCL\Packages\Delphi2010\SMIMECAdESBBoxD14.bpl not found</Excluded_Packages>
					</Excluded_Packages>
				</Delphi.Personality>
			</BorlandProject>
			<ProjectFileVersion>12</ProjectFileVersion>
		</ProjectExtensions>
	</Project>
